{
    "requires": true,
    "lockfileVersion": 1,
    "dependencies": {
        "sweetalert2": {
            "version": "8.12.1",
            "resolved": "https://registry.npmjs.org/sweetalert2/-/sweetalert2-8.12.1.tgz",
            "integrity": "sha512-C+c/lB95JjePFW9n5cEghKnk3z0sbeOfbt3yzV4QlbBLx+Wh/LzVIb59QTvixHEhvTiSkUMgSY30Uj40hU3MHw=="
        }
    }
}
